
Microsoft Visual Studio Solution File, Format Version 12.00
# Visual Studio Version 17
VisualStudioVersion = 17.8.34511.84
MinimumVisualStudioVersion = 10.0.40219.1
Project("{FAE04EC0-301F-11D3-BF4B-00C04F79EFBC}") = "Like_a_fool_1", "Like_a_fool_1\Like_a_fool_1.csproj", "{7D2220FF-042E-43CE-930B-386327C537F3}"
EndProject
Global
	GlobalSection(SolutionConfigurationPlatforms) = preSolution
		Debug|Any CPU = Debug|Any CPU
		Release|Any CPU = Release|Any CPU
	EndGlobalSection
	GlobalSection(ProjectConfigurationPlatforms) = postSolution
		{7D2220FF-042E-43CE-930B-386327C537F3}.Debug|Any CPU.ActiveCfg = Debug|Any CPU
		{7D2220FF-042E-43CE-930B-386327C537F3}.Debug|Any CPU.Build.0 = Debug|Any CPU
		{7D2220FF-042E-43CE-930B-386327C537F3}.Release|Any CPU.ActiveCfg = Release|Any CPU
		{7D2220FF-042E-43CE-930B-386327C537F3}.Release|Any CPU.Build.0 = Release|Any CPU
	EndGlobalSection
	GlobalSection(SolutionProperties) = preSolution
		HideSolutionNode = FALSE
	EndGlobalSection
	GlobalSection(ExtensibilityGlobals) = postSolution
		SolutionGuid = {D34E54B9-08C5-403B-AB13-31E6244111B6}
	EndGlobalSection
EndGlobal
